
Microsoft Visual Studio Solution File, Format Version 12.00
# Visual Studio Version 17
VisualStudioVersion = 17.12.35527.113 d17.12
MinimumVisualStudioVersion = 10.0.40219.1
Project("{FAE04EC0-301F-11D3-BF4B-00C04F79EFBC}") = "Demo.Presention", "Demo.Presention\Demo.Presention.csproj", "{8A5FA5BC-682C-4965-8F11-60651658C14E}"
EndProject
Project("{FAE04EC0-301F-11D3-BF4B-00C04F79EFBC}") = "Business Logic", "Business Logic\Business Logic.csproj", "{9B582924-3705-42FB-ABB6-00CD3D91ECC6}"
EndProject
Project("{FAE04EC0-301F-11D3-BF4B-00C04F79EFBC}") = "DataAccess", "DataAccsess\DataAccess.csproj", "{F3E405B6-0E3E-4093-AC19-5C260A717B06}"
EndProject
Global
	GlobalSection(SolutionConfigurationPlatforms) = preSolution
		Debug|Any CPU = Debug|Any CPU
		Release|Any CPU = Release|Any CPU
	EndGlobalSection
	GlobalSection(ProjectConfigurationPlatforms) = postSolution
		{8A5FA5BC-682C-4965-8F11-60651658C14E}.Debug|Any CPU.ActiveCfg = Debug|Any CPU
		{8A5FA5BC-682C-4965-8F11-60651658C14E}.Debug|Any CPU.Build.0 = Debug|Any CPU
		{8A5FA5BC-682C-4965-8F11-60651658C14E}.Release|Any CPU.ActiveCfg = Release|Any CPU
		{8A5FA5BC-682C-4965-8F11-60651658C14E}.Release|Any CPU.Build.0 = Release|Any CPU
		{9B582924-3705-42FB-ABB6-00CD3D91ECC6}.Debug|Any CPU.ActiveCfg = Debug|Any CPU
		{9B582924-3705-42FB-ABB6-00CD3D91ECC6}.Debug|Any CPU.Build.0 = Debug|Any CPU
		{9B582924-3705-42FB-ABB6-00CD3D91ECC6}.Release|Any CPU.ActiveCfg = Release|Any CPU
		{9B582924-3705-42FB-ABB6-00CD3D91ECC6}.Release|Any CPU.Build.0 = Release|Any CPU
		{F3E405B6-0E3E-4093-AC19-5C260A717B06}.Debug|Any CPU.ActiveCfg = Debug|Any CPU
		{F3E405B6-0E3E-4093-AC19-5C260A717B06}.Debug|Any CPU.Build.0 = Debug|Any CPU
		{F3E405B6-0E3E-4093-AC19-5C260A717B06}.Release|Any CPU.ActiveCfg = Release|Any CPU
		{F3E405B6-0E3E-4093-AC19-5C260A717B06}.Release|Any CPU.Build.0 = Release|Any CPU
	EndGlobalSection
	GlobalSection(SolutionProperties) = preSolution
		HideSolutionNode = FALSE
	EndGlobalSection
EndGlobal
